// !$*UTF8*$!
{
	archiveVersion = 1;
	classes = {
	};
	objectVersion = 77;
	objects = {

/* Begin PBXBuildFile section */
		EFED5F452D1FEC2900705D9C /* Auth in Frameworks */ = {isa = PBXBuildFile; productRef = EFED5F442D1FEC2900705D9C /* Auth */; };
		EFED5F472D1FEC2900705D9C /* Functions in Frameworks */ = {isa = PBXBuildFile; productRef = EFED5F462D1FEC2900705D9C /* Functions */; };
		EFED5F492D1FEC2900705D9C /* PostgREST in Frameworks */ = {isa = PBXBuildFile; productRef = EFED5F482D1FEC2900705D9C /* PostgREST */; };
		EFED5F4B2D1FEC2900705D9C /* Realtime in Frameworks */ = {isa = PBXBuildFile; productRef = EFED5F4A2D1FEC2900705D9C /* Realtime */; };
		EFED5F4D2D1FEC2900705D9C /* Storage in Frameworks */ = {isa = PBXBuildFile; productRef = EFED5F4C2D1FEC2900705D9C /* Storage */; };
		EFED5F4F2D1FEC2900705D9C /* Supabase in Frameworks */ = {isa = PBXBuildFile; productRef = EFED5F4E2D1FEC2900705D9C /* Supabase */; };
		EFED5F6E2D236CFC00705D9C /* GoogleSignIn in Frameworks */ = {isa = PBXBuildFile; productRef = EFED5F6D2D236CFC00705D9C /* GoogleSignIn */; };
		EFED5F702D236CFC00705D9C /* GoogleSignInSwift in Frameworks */ = {isa = PBXBuildFile; productRef = EFED5F6F2D236CFC00705D9C /* GoogleSignInSwift */; };
/* End PBXBuildFile section */

/* Begin PBXFileReference section */
		D28890E82D1DC12E00F95263 /* ios_app.app */ = {isa = PBXFileReference; explicitFileType = wrapper.application; includeInIndex = 0; path = ios_app.app; sourceTree = BUILT_PRODUCTS_DIR; };
/* End PBXFileReference section */

/* Begin PBXFileSystemSynchronizedRootGroup section */
		D28890EA2D1DC12E00F95263 /* ios_app */ = {
			isa = PBXFileSystemSynchronizedRootGroup;
			path = ios_app;
			sourceTree = "<group>";
		};
/* End PBXFileSystemSynchronizedRootGroup section */

/* Begin PBXFrameworksBuildPhase section */
		D28890E52D1DC12E00F95263 /* Frameworks */ = {
			isa = PBXFrameworksBuildPhase;
			buildActionMask = 2147483647;
			files = (
				EFED5F492D1FEC2900705D9C /* PostgREST in Frameworks */,
				EFED5F472D1FEC2900705D9C /* Functions in Frameworks */,
				EFED5F4F2D1FEC2900705D9C /* Supabase in Frameworks */,
				EFED5F702D236CFC00705D9C /* GoogleSignInSwift in Frameworks */,
				EFED5F452D1FEC2900705D9C /* Auth in Frameworks */,
				EFED5F4D2D1FEC2900705D9C /* Storage in Frameworks */,
				EFED5F4B2D1FEC2900705D9C /* Realtime in Frameworks */,
				EFED5F6E2D236CFC00705D9C /* GoogleSignIn in Frameworks */,
			);
			runOnlyForDeploymentPostprocessing = 0;
		};
/* End PBXFrameworksBuildPhase section */

/* Begin PBXGroup section */
		D28890DF2D1DC12E00F95263 = {
			isa = PBXGroup;
			children = (
				D28890EA2D1DC12E00F95263 /* ios_app */,
				D28890E92D1DC12E00F95263 /* Products */,
			);
			sourceTree = "<group>";
		};
		D28890E92D1DC12E00F95263 /* Products */ = {
			isa = PBXGroup;
			children = (
				D28890E82D1DC12E00F95263 /* ios_app.app */,
			);
			name = Products;
			sourceTree = "<group>";
		};
/* End PBXGroup section */

/* Begin PBXNativeTarget section */
		D28890E72D1DC12E00F95263 /* ios_app */ = {
			isa = PBXNativeTarget;
			buildConfigurationList = D28890F62D1DC13000F95263 /* Build configuration list for PBXNativeTarget "ios_app" */;
			buildPhases = (
				D28890E42D1DC12E00F95263 /* Sources */,
				D28890E52D1DC12E00F95263 /* Frameworks */,
				D28890E62D1DC12E00F95263 /* Resources */,
			);
			buildRules = (
			);
			dependencies = (
			);
			fileSystemSynchronizedGroups = (
				D28890EA2D1DC12E00F95263 /* ios_app */,
			);
			name = ios_app;
			packageProductDependencies = (
				EFED5F442D1FEC2900705D9C /* Auth */,
				EFED5F462D1FEC2900705D9C /* Functions */,
				EFED5F482D1FEC2900705D9C /* PostgREST */,
				EFED5F4A2D1FEC2900705D9C /* Realtime */,
				EFED5F4C2D1FEC2900705D9C /* Storage */,
				EFED5F4E2D1FEC2900705D9C /* Supabase */,
				EFED5F6D2D236CFC00705D9C /* GoogleSignIn */,
				EFED5F6F2D236CFC00705D9C /* GoogleSignInSwift */,
			);
			productName = ios_app;
			productReference = D28890E82D1DC12E00F95263 /* ios_app.app */;
			productType = "com.apple.product-type.application";
		};
/* End PBXNativeTarget section */

/* Begin PBXProject section */
		D28890E02D1DC12E00F95263 /* Project object */ = {
			isa = PBXProject;
			attributes = {
				BuildIndependentTargetsInParallel = 1;
				LastSwiftUpdateCheck = 1620;
				LastUpgradeCheck = 1620;
				TargetAttributes = {
					D28890E72D1DC12E00F95263 = {
						CreatedOnToolsVersion = 16.2;
					};
				};
			};
			buildConfigurationList = D28890E32D1DC12E00F95263 /* Build configuration list for PBXProject "ios_app" */;
			developmentRegion = en;
			hasScannedForEncodings = 0;
			knownRegions = (
				en,
				Base,
			);
			mainGroup = D28890DF2D1DC12E00F95263;
			minimizedProjectReferenceProxies = 1;
			packageReferences = (
				EFCB8B8C2D1F5E4E008F2D6C /* XCRemoteSwiftPackageReference "supabase-swift" */,
				EFED5F6C2D236CFC00705D9C /* XCRemoteSwiftPackageReference "GoogleSignIn-iOS" */,
			);
			preferredProjectObjectVersion = 77;
			productRefGroup = D28890E92D1DC12E00F95263 /* Products */;
			projectDirPath = "";
			projectRoot = "";
			targets = (
				D28890E72D1DC12E00F95263 /* ios_app */,
			);
		};
/* End PBXProject section */

/* Begin PBXResourcesBuildPhase section */
		D28890E62D1DC12E00F95263 /* Resources */ = {
			isa = PBXResourcesBuildPhase;
			buildActionMask = 2147483647;
			files = (
			);
			runOnlyForDeploymentPostprocessing = 0;
		};
/* End PBXResourcesBuildPhase section */

/* Begin PBXSourcesBuildPhase section */
		D28890E42D1DC12E00F95263 /* Sources */ = {
			isa = PBXSourcesBuildPhase;
			buildActionMask = 2147483647;
			files = (
			);
			runOnlyForDeploymentPostprocessing = 0;
		};
/* End PBXSourcesBuildPhase section */

/* Begin XCBuildConfiguration section */
		D28890F42D1DC13000F95263 /* Debug */ = {
			isa = XCBuildConfiguration;
			buildSettings = {
				ALWAYS_SEARCH_USER_PATHS = NO;
				ASSETCATALOG_COMPILER_GENERATE_SWIFT_ASSET_SYMBOL_EXTENSIONS = YES;
				CLANG_ANALYZER_NONNULL = YES;
				CLANG_ANALYZER_NUMBER_OBJECT_CONVERSION = YES_AGGRESSIVE;
				CLANG_CXX_LANGUAGE_STANDARD = "gnu++20";
				CLANG_ENABLE_MODULES = YES;
				CLANG_ENABLE_OBJC_ARC = YES;
				CLANG_ENABLE_OBJC_WEAK = YES;
				CLANG_WARN_BLOCK_CAPTURE_AUTORELEASING = YES;
				CLANG_WARN_BOOL_CONVERSION = YES;
				CLANG_WARN_COMMA = YES;
				CLANG_WARN_CONSTANT_CONVERSION = YES;
				CLANG_WARN_DEPRECATED_OBJC_IMPLEMENTATIONS = YES;
				CLANG_WARN_DIRECT_OBJC_ISA_USAGE = YES_ERROR;
				CLANG_WARN_DOCUMENTATION_COMMENTS = YES;
				CLANG_WARN_EMPTY_BODY = YES;
				CLANG_WARN_ENUM_CONVERSION = YES;
				CLANG_WARN_INFINITE_RECURSION = YES;
				CLANG_WARN_INT_CONVERSION = YES;
				CLANG_WARN_NON_LITERAL_NULL_CONVERSION = YES;
				CLANG_WARN_OBJC_IMPLICIT_RETAIN_SELF = YES;
				CLANG_WARN_OBJC_LITERAL_CONVERSION = YES;
				CLANG_WARN_OBJC_ROOT_CLASS = YES_ERROR;
				CLANG_WARN_QUOTED_INCLUDE_IN_FRAMEWORK_HEADER = YES;
				CLANG_WARN_RANGE_LOOP_ANALYSIS = YES;
				CLANG_WARN_STRICT_PROTOTYPES = YES;
				CLANG_WARN_SUSPICIOUS_MOVE = YES;
				CLANG_WARN_UNGUARDED_AVAILABILITY = YES_AGGRESSIVE;
				CLANG_WARN_UNREACHABLE_CODE = YES;
				CLANG_WARN__DUPLICATE_METHOD_MATCH = YES;
				COPY_PHASE_STRIP = NO;
				DEBUG_INFORMATION_FORMAT = dwarf;
				ENABLE_STRICT_OBJC_MSGSEND = YES;
				ENABLE_TESTABILITY = YES;
				ENABLE_USER_SCRIPT_SANDBOXING = YES;
				GCC_C_LANGUAGE_STANDARD = gnu17;
				GCC_DYNAMIC_NO_PIC = NO;
				GCC_NO_COMMON_BLOCKS = YES;
				GCC_OPTIMIZATION_LEVEL = 0;
				GCC_PREPROCESSOR_DEFINITIONS = (
					"DEBUG=1",
					"$(inherited)",
				);
				GCC_WARN_64_TO_32_BIT_CONVERSION = YES;
				GCC_WARN_ABOUT_RETURN_TYPE = YES_ERROR;
				GCC_WARN_UNDECLARED_SELECTOR = YES;
				GCC_WARN_UNINITIALIZED_AUTOS = YES_AGGRESSIVE;
				GCC_WARN_UNUSED_FUNCTION = YES;
				GCC_WARN_UNUSED_VARIABLE = YES;
				IPHONEOS_DEPLOYMENT_TARGET = 18.2;
				LOCALIZATION_PREFERS_STRING_CATALOGS = YES;
				MTL_ENABLE_DEBUG_INFO = INCLUDE_SOURCE;
				MTL_FAST_MATH = YES;
				ONLY_ACTIVE_ARCH = YES;
				SDKROOT = iphoneos;
				SWIFT_ACTIVE_COMPILATION_CONDITIONS = "DEBUG $(inherited)";
				SWIFT_OPTIMIZATION_LEVEL = "-Onone";
			};
			name = Debug;
		};
		D28890F52D1DC13000F95263 /* Release */ = {
			isa = XCBuildConfiguration;
			buildSettings = {
				ALWAYS_SEARCH_USER_PATHS = NO;
				ASSETCATALOG_COMPILER_GENERATE_SWIFT_ASSET_SYMBOL_EXTENSIONS = YES;
				CLANG_ANALYZER_NONNULL = YES;
				CLANG_ANALYZER_NUMBER_OBJECT_CONVERSION = YES_AGGRESSIVE;
				CLANG_CXX_LANGUAGE_STANDARD = "gnu++20";
				CLANG_ENABLE_MODULES = YES;
				CLANG_ENABLE_OBJC_ARC = YES;
				CLANG_ENABLE_OBJC_WEAK = YES;
				CLANG_WARN_BLOCK_CAPTURE_AUTORELEASING = YES;
				CLANG_WARN_BOOL_CONVERSION = YES;
				CLANG_WARN_COMMA = YES;
				CLANG_WARN_CONSTANT_CONVERSION = YES;
				CLANG_WARN_DEPRECATED_OBJC_IMPLEMENTATIONS = YES;
				CLANG_WARN_DIRECT_OBJC_ISA_USAGE = YES_ERROR;
				CLANG_WARN_DOCUMENTATION_COMMENTS = YES;
				CLANG_WARN_EMPTY_BODY = YES;
				CLANG_WARN_ENUM_CONVERSION = YES;
				CLANG_WARN_INFINITE_RECURSION = YES;
				CLANG_WARN_INT_CONVERSION = YES;
				CLANG_WARN_NON_LITERAL_NULL_CONVERSION = YES;
				CLANG_WARN_OBJC_IMPLICIT_RETAIN_SELF = YES;
				CLANG_WARN_OBJC_LITERAL_CONVERSION = YES;
				CLANG_WARN_OBJC_ROOT_CLASS = YES_ERROR;
				CLANG_WARN_QUOTED_INCLUDE_IN_FRAMEWORK_HEADER = YES;
				CLANG_WARN_RANGE_LOOP_ANALYSIS = YES;
				CLANG_WARN_STRICT_PROTOTYPES = YES;
				CLANG_WARN_SUSPICIOUS_MOVE = YES;
				CLANG_WARN_UNGUARDED_AVAILABILITY = YES_AGGRESSIVE;
				CLANG_WARN_UNREACHABLE_CODE = YES;
				CLANG_WARN__DUPLICATE_METHOD_MATCH = YES;
				COPY_PHASE_STRIP = NO;
				DEBUG_INFORMATION_FORMAT = "dwarf-with-dsym";
				ENABLE_NS_ASSERTIONS = NO;
				ENABLE_STRICT_OBJC_MSGSEND = YES;
				ENABLE_USER_SCRIPT_SANDBOXING = YES;
				GCC_C_LANGUAGE_STANDARD = gnu17;
				GCC_NO_COMMON_BLOCKS = YES;
				GCC_WARN_64_TO_32_BIT_CONVERSION = YES;
				GCC_WARN_ABOUT_RETURN_TYPE = YES_ERROR;
				GCC_WARN_UNDECLARED_SELECTOR = YES;
				GCC_WARN_UNINITIALIZED_AUTOS = YES_AGGRESSIVE;
				GCC_WARN_UNUSED_FUNCTION = YES;
				GCC_WARN_UNUSED_VARIABLE = YES;
				IPHONEOS_DEPLOYMENT_TARGET = 18.2;
				LOCALIZATION_PREFERS_STRING_CATALOGS = YES;
				MTL_ENABLE_DEBUG_INFO = NO;
				MTL_FAST_MATH = YES;
				SDKROOT = iphoneos;
				SWIFT_COMPILATION_MODE = wholemodule;
				VALIDATE_PRODUCT = YES;
			};
			name = Release;
		};
		D28890F72D1DC13000F95263 /* Debug */ = {
			isa = XCBuildConfiguration;
			buildSettings = {
				ASSETCATALOG_COMPILER_APPICON_NAME = AppIcon;
				ASSETCATALOG_COMPILER_GLOBAL_ACCENT_COLOR_NAME = AccentColor;
				CODE_SIGN_ENTITLEMENTS = ios_app/ios_app.entitlements;
				CODE_SIGN_STYLE = Automatic;
				CURRENT_PROJECT_VERSION = 1;
				DEVELOPMENT_ASSET_PATHS = "\"ios_app/Preview Content\"";
				DEVELOPMENT_TEAM = T36Y5D94N7;
				ENABLE_PREVIEWS = YES;
				GENERATE_INFOPLIST_FILE = YES;
				INFOPLIST_FILE = "ios-app-Info.plist";
				INFOPLIST_KEY_UIApplicationSceneManifest_Generation = YES;
				INFOPLIST_KEY_UIApplicationSupportsIndirectInputEvents = YES;
				INFOPLIST_KEY_UILaunchScreen_Generation = YES;
				INFOPLIST_KEY_UILaunchStoryboardName = SplashView;
				INFOPLIST_KEY_UIStatusBarStyle = "";
				INFOPLIST_KEY_UISupportedInterfaceOrientations_iPad = "UIInterfaceOrientationPortrait UIInterfaceOrientationPortraitUpsideDown UIInterfaceOrientationLandscapeLeft UIInterfaceOrientationLandscapeRight";
				INFOPLIST_KEY_UISupportedInterfaceOrientations_iPhone = "UIInterfaceOrientationPortrait UIInterfaceOrientationLandscapeLeft UIInterfaceOrientationLandscapeRight";
				IPHONEOS_DEPLOYMENT_TARGET = 18.0;
				LD_RUNPATH_SEARCH_PATHS = (
					"$(inherited)",
					"@executable_path/Frameworks",
				);
				MARKETING_VERSION = 1.0;
				PRODUCT_BUNDLE_IDENTIFIER = "findu.ios-app";
				PRODUCT_NAME = "$(TARGET_NAME)";
				SWIFT_EMIT_LOC_STRINGS = YES;
				SWIFT_VERSION = 5.0;
				TARGETED_DEVICE_FAMILY = "1,2";
			};
			name = Debug;
		};
		D28890F82D1DC13000F95263 /* Release */ = {
			isa = XCBuildConfiguration;
			buildSettings = {
				ASSETCATALOG_COMPILER_APPICON_NAME = AppIcon;
				ASSETCATALOG_COMPILER_GLOBAL_ACCENT_COLOR_NAME = AccentColor;
				CODE_SIGN_ENTITLEMENTS = ios_app/ios_app.entitlements;
				CODE_SIGN_STYLE = Automatic;
				CURRENT_PROJECT_VERSION = 1;
				DEVELOPMENT_ASSET_PATHS = "\"ios_app/Preview Content\"";
				DEVELOPMENT_TEAM = T36Y5D94N7;
				ENABLE_PREVIEWS = YES;
				GENERATE_INFOPLIST_FILE = YES;
				INFOPLIST_FILE = "ios-app-Info.plist";
				INFOPLIST_KEY_UIApplicationSceneManifest_Generation = YES;
				INFOPLIST_KEY_UIApplicationSupportsIndirectInputEvents = YES;
				INFOPLIST_KEY_UILaunchScreen_Generation = YES;
				INFOPLIST_KEY_UILaunchStoryboardName = SplashView;
				INFOPLIST_KEY_UIStatusBarStyle = "";
				INFOPLIST_KEY_UISupportedInterfaceOrientations_iPad = "UIInterfaceOrientationPortrait UIInterfaceOrientationPortraitUpsideDown UIInterfaceOrientationLandscapeLeft UIInterfaceOrientationLandscapeRight";
				INFOPLIST_KEY_UISupportedInterfaceOrientations_iPhone = "UIInterfaceOrientationPortrait UIInterfaceOrientationLandscapeLeft UIInterfaceOrientationLandscapeRight";
				IPHONEOS_DEPLOYMENT_TARGET = 18.0;
				LD_RUNPATH_SEARCH_PATHS = (
					"$(inherited)",
					"@executable_path/Frameworks",
				);
				MARKETING_VERSION = 1.0;
				PRODUCT_BUNDLE_IDENTIFIER = "findu.ios-app";
				PRODUCT_NAME = "$(TARGET_NAME)";
				SWIFT_EMIT_LOC_STRINGS = YES;
				SWIFT_VERSION = 5.0;
				TARGETED_DEVICE_FAMILY = "1,2";
			};
			name = Release;
		};
/* End XCBuildConfiguration section */

/* Begin XCConfigurationList section */
		D28890E32D1DC12E00F95263 /* Build configuration list for PBXProject "ios_app" */ = {
			isa = XCConfigurationList;
			buildConfigurations = (
				D28890F42D1DC13000F95263 /* Debug */,
				D28890F52D1DC13000F95263 /* Release */,
			);
			defaultConfigurationIsVisible = 0;
			defaultConfigurationName = Release;
		};
		D28890F62D1DC13000F95263 /* Build configuration list for PBXNativeTarget "ios_app" */ = {
			isa = XCConfigurationList;
			buildConfigurations = (
				D28890F72D1DC13000F95263 /* Debug */,
				D28890F82D1DC13000F95263 /* Release */,
			);
			defaultConfigurationIsVisible = 0;
			defaultConfigurationName = Release;
		};
/* End XCConfigurationList section */

/* Begin XCRemoteSwiftPackageReference section */
		EFCB8B8C2D1F5E4E008F2D6C /* XCRemoteSwiftPackageReference "supabase-swift" */ = {
			isa = XCRemoteSwiftPackageReference;
			repositoryURL = "https://github.com/supabase/supabase-swift.git";
			requirement = {
				kind = upToNextMajorVersion;
				minimumVersion = 2.5.1;
			};
		};
		EFED5F6C2D236CFC00705D9C /* XCRemoteSwiftPackageReference "GoogleSignIn-iOS" */ = {
			isa = XCRemoteSwiftPackageReference;
			repositoryURL = "https://github.com/google/GoogleSignIn-iOS";
			requirement = {
				kind = upToNextMajorVersion;
				minimumVersion = 8.0.0;
			};
		};
/* End XCRemoteSwiftPackageReference section */

/* Begin XCSwiftPackageProductDependency section */
		EFED5F442D1FEC2900705D9C /* Auth */ = {
			isa = XCSwiftPackageProductDependency;
			package = EFCB8B8C2D1F5E4E008F2D6C /* XCRemoteSwiftPackageReference "supabase-swift" */;
			productName = Auth;
		};
		EFED5F462D1FEC2900705D9C /* Functions */ = {
			isa = XCSwiftPackageProductDependency;
			package = EFCB8B8C2D1F5E4E008F2D6C /* XCRemoteSwiftPackageReference "supabase-swift" */;
			productName = Functions;
		};
		EFED5F482D1FEC2900705D9C /* PostgREST */ = {
			isa = XCSwiftPackageProductDependency;
			package = EFCB8B8C2D1F5E4E008F2D6C /* XCRemoteSwiftPackageReference "supabase-swift" */;
			productName = PostgREST;
		};
		EFED5F4A2D1FEC2900705D9C /* Realtime */ = {
			isa = XCSwiftPackageProductDependency;
			package = EFCB8B8C2D1F5E4E008F2D6C /* XCRemoteSwiftPackageReference "supabase-swift" */;
			productName = Realtime;
		};
		EFED5F4C2D1FEC2900705D9C /* Storage */ = {
			isa = XCSwiftPackageProductDependency;
			package = EFCB8B8C2D1F5E4E008F2D6C /* XCRemoteSwiftPackageReference "supabase-swift" */;
			productName = Storage;
		};
		EFED5F4E2D1FEC2900705D9C /* Supabase */ = {
			isa = XCSwiftPackageProductDependency;
			package = EFCB8B8C2D1F5E4E008F2D6C /* XCRemoteSwiftPackageReference "supabase-swift" */;
			productName = Supabase;
		};
		EFED5F6D2D236CFC00705D9C /* GoogleSignIn */ = {
			isa = XCSwiftPackageProductDependency;
			package = EFED5F6C2D236CFC00705D9C /* XCRemoteSwiftPackageReference "GoogleSignIn-iOS" */;
			productName = GoogleSignIn;
		};
		EFED5F6F2D236CFC00705D9C /* GoogleSignInSwift */ = {
			isa = XCSwiftPackageProductDependency;
			package = EFED5F6C2D236CFC00705D9C /* XCRemoteSwiftPackageReference "GoogleSignIn-iOS" */;
			productName = GoogleSignInSwift;
		};
/* End XCSwiftPackageProductDependency section */
	};
	rootObject = D28890E02D1DC12E00F95263 /* Project object */;
}
